// !$*UTF8*$!
{
	archiveVersion = 1;
	classes = {
	};
	objectVersion = 51;
	objects = {

/* Begin PBXBuildFile section */
		1829E48A27B4F3F500654B60 /* NoticeViewController.swift in Sources */ = {isa = PBXBuildFile; fileRef = 1829E48927B4F3F500654B60 /* NoticeViewController.swift */; };
		182F9DE7280411640002D210 /* FiveCatCharViewController.swift in Sources */ = {isa = PBXBuildFile; fileRef = 182F9DE6280411640002D210 /* FiveCatCharViewController.swift */; };
		1832663B2797E5BF00D4C350 /* TestResultViewController.swift in Sources */ = {isa = PBXBuildFile; fileRef = 1832663A2797E5BF00D4C350 /* TestResultViewController.swift */; };
		18415751279003AE0095F8A9 /* AppDelegate.swift in Sources */ = {isa = PBXBuildFile; fileRef = 18415750279003AE0095F8A9 /* AppDelegate.swift */; };
		18415753279003AE0095F8A9 /* SceneDelegate.swift in Sources */ = {isa = PBXBuildFile; fileRef = 18415752279003AE0095F8A9 /* SceneDelegate.swift */; };
		18415755279003AE0095F8A9 /* MainViewController.swift in Sources */ = {isa = PBXBuildFile; fileRef = 18415754279003AE0095F8A9 /* MainViewController.swift */; };
		18415758279003AE0095F8A9 /* Main.storyboard in Resources */ = {isa = PBXBuildFile; fileRef = 18415756279003AE0095F8A9 /* Main.storyboard */; };
		1841575A279003AE0095F8A9 /* Assets.xcassets in Resources */ = {isa = PBXBuildFile; fileRef = 18415759279003AE0095F8A9 /* Assets.xcassets */; };
		1841575D279003AE0095F8A9 /* LaunchScreen.storyboard in Resources */ = {isa = PBXBuildFile; fileRef = 1841575B279003AE0095F8A9 /* LaunchScreen.storyboard */; };
		1841576B27900C3A0095F8A9 /* TabbarViewController.swift in Sources */ = {isa = PBXBuildFile; fileRef = 1841576A27900C3A0095F8A9 /* TabbarViewController.swift */; };
		1841576E279012A30095F8A9 /* SimpleTestViewController.swift in Sources */ = {isa = PBXBuildFile; fileRef = 1841576D279012A30095F8A9 /* SimpleTestViewController.swift */; };
		18415771279012C50095F8A9 /* CharacteristicViewController.swift in Sources */ = {isa = PBXBuildFile; fileRef = 18415770279012C50095F8A9 /* CharacteristicViewController.swift */; };
		18415774279012E20095F8A9 /* MyCharacViewController.swift in Sources */ = {isa = PBXBuildFile; fileRef = 18415773279012E20095F8A9 /* MyCharacViewController.swift */; };
		1841883827B0F4B800DF7D1A /* DevInfoViewController.swift in Sources */ = {isa = PBXBuildFile; fileRef = 1841883727B0F4B800DF7D1A /* DevInfoViewController.swift */; };
		184188BD27954C1E0049D3DD /* FirstTestViewController.swift in Sources */ = {isa = PBXBuildFile; fileRef = 184188BC27954C1E0049D3DD /* FirstTestViewController.swift */; };
		1852F1A827CF485D00CCCB9A /* Cafe24Syongsyong.ttf in Resources */ = {isa = PBXBuildFile; fileRef = 1852F1A727CF485D00CCCB9A /* Cafe24Syongsyong.ttf */; };
		1854FFE927B6227C00CD33D8 /* ANoticeTableViewCell.swift in Sources */ = {isa = PBXBuildFile; fileRef = 1854FFE827B6227C00CD33D8 /* ANoticeTableViewCell.swift */; };
		188A7EA827B23F2B000718E7 /* GoogleService-Info.plist in Resources */ = {isa = PBXBuildFile; fileRef = 188A7E8E27B23C34000718E7 /* GoogleService-Info.plist */; };
		188A7EAB27B241BB000718E7 /* SuggestionsViewController.swift in Sources */ = {isa = PBXBuildFile; fileRef = 188A7EAA27B241BB000718E7 /* SuggestionsViewController.swift */; };
		1895D24D279E868200567BBF /* DetailContentsViewController.swift in Sources */ = {isa = PBXBuildFile; fileRef = 1895D24C279E868200567BBF /* DetailContentsViewController.swift */; };
		18E980CE27BE384F00BFF5D3 /* NoticeDetailViewController.swift in Sources */ = {isa = PBXBuildFile; fileRef = 18E980CD27BE384F00BFF5D3 /* NoticeDetailViewController.swift */; };
		18F46EDB27E4580C006E8ACB /* TabImageWebViewController.swift in Sources */ = {isa = PBXBuildFile; fileRef = 18F46EDA27E4580C006E8ACB /* TabImageWebViewController.swift */; };
		E5CD05C10CF99DA94EE5527B /* Pods_MBTI_CAT.framework in Frameworks */ = {isa = PBXBuildFile; fileRef = 649049F50AE4B343149A5311 /* Pods_MBTI_CAT.framework */; };
/* End PBXBuildFile section */

/* Begin PBXFileReference section */
		0E5DD73E2EE9DE69359BDAAE /* Pods-MBTI_CAT.debug.xcconfig */ = {isa = PBXFileReference; includeInIndex = 1; lastKnownFileType = text.xcconfig; name = "Pods-MBTI_CAT.debug.xcconfig"; path = "Target Support Files/Pods-MBTI_CAT/Pods-MBTI_CAT.debug.xcconfig"; sourceTree = "<group>"; };
		180DBDFF27EC3B2E00B29A48 /* MBTI_CAT.entitlements */ = {isa = PBXFileReference; lastKnownFileType = text.plist.entitlements; path = MBTI_CAT.entitlements; sourceTree = "<group>"; };
		1829E48927B4F3F500654B60 /* NoticeViewController.swift */ = {isa = PBXFileReference; lastKnownFileType = sourcecode.swift; path = NoticeViewController.swift; sourceTree = "<group>"; };
		182F9DE6280411640002D210 /* FiveCatCharViewController.swift */ = {isa = PBXFileReference; lastKnownFileType = sourcecode.swift; path = FiveCatCharViewController.swift; sourceTree = "<group>"; };
		1830AD4E279951C6004DEDD9 /* CatData.xlsx */ = {isa = PBXFileReference; lastKnownFileType = file; path = CatData.xlsx; sourceTree = SOURCE_ROOT; };
		1832663A2797E5BF00D4C350 /* TestResultViewController.swift */ = {isa = PBXFileReference; lastKnownFileType = sourcecode.swift; path = TestResultViewController.swift; sourceTree = "<group>"; };
		1841574D279003AE0095F8A9 /* MBTI_CAT.app */ = {isa = PBXFileReference; explicitFileType = wrapper.application; includeInIndex = 0; path = MBTI_CAT.app; sourceTree = BUILT_PRODUCTS_DIR; };
		18415750279003AE0095F8A9 /* AppDelegate.swift */ = {isa = PBXFileReference; lastKnownFileType = sourcecode.swift; path = AppDelegate.swift; sourceTree = "<group>"; };
		18415752279003AE0095F8A9 /* SceneDelegate.swift */ = {isa = PBXFileReference; lastKnownFileType = sourcecode.swift; path = SceneDelegate.swift; sourceTree = "<group>"; };
		18415754279003AE0095F8A9 /* MainViewController.swift */ = {isa = PBXFileReference; lastKnownFileType = sourcecode.swift; path = MainViewController.swift; sourceTree = "<group>"; };
		18415757279003AE0095F8A9 /* Base */ = {isa = PBXFileReference; lastKnownFileType = file.storyboard; name = Base; path = Base.lproj/Main.storyboard; sourceTree = "<group>"; };
		18415759279003AE0095F8A9 /* Assets.xcassets */ = {isa = PBXFileReference; lastKnownFileType = folder.assetcatalog; path = Assets.xcassets; sourceTree = "<group>"; };
		1841575C279003AE0095F8A9 /* Base */ = {isa = PBXFileReference; lastKnownFileType = file.storyboard; name = Base; path = Base.lproj/LaunchScreen.storyboard; sourceTree = "<group>"; };
		1841575E279003AE0095F8A9 /* Info.plist */ = {isa = PBXFileReference; lastKnownFileType = text.plist.xml; path = Info.plist; sourceTree = "<group>"; };
		1841576A27900C3A0095F8A9 /* TabbarViewController.swift */ = {isa = PBXFileReference; lastKnownFileType = sourcecode.swift; path = TabbarViewController.swift; sourceTree = "<group>"; };
		1841576D279012A30095F8A9 /* SimpleTestViewController.swift */ = {isa = PBXFileReference; lastKnownFileType = sourcecode.swift; path = SimpleTestViewController.swift; sourceTree = "<group>"; };
		18415770279012C50095F8A9 /* CharacteristicViewController.swift */ = {isa = PBXFileReference; lastKnownFileType = sourcecode.swift; path = CharacteristicViewController.swift; sourceTree = "<group>"; };
		18415773279012E20095F8A9 /* MyCharacViewController.swift */ = {isa = PBXFileReference; lastKnownFileType = sourcecode.swift; path = MyCharacViewController.swift; sourceTree = "<group>"; };
		1841883727B0F4B800DF7D1A /* DevInfoViewController.swift */ = {isa = PBXFileReference; lastKnownFileType = sourcecode.swift; path = DevInfoViewController.swift; sourceTree = "<group>"; };
		184188BC27954C1E0049D3DD /* FirstTestViewController.swift */ = {isa = PBXFileReference; lastKnownFileType = sourcecode.swift; path = FirstTestViewController.swift; sourceTree = "<group>"; };
		1852F1A727CF485D00CCCB9A /* Cafe24Syongsyong.ttf */ = {isa = PBXFileReference; lastKnownFileType = file; path = Cafe24Syongsyong.ttf; sourceTree = "<group>"; };
		1854FFE827B6227C00CD33D8 /* ANoticeTableViewCell.swift */ = {isa = PBXFileReference; lastKnownFileType = sourcecode.swift; path = ANoticeTableViewCell.swift; sourceTree = "<group>"; };
		1865677727E5CE490086BB51 /* ko */ = {isa = PBXFileReference; lastKnownFileType = text.plist.strings; name = ko; path = ko.lproj/LaunchScreen.strings; sourceTree = "<group>"; };
		1865677827E5CE490086BB51 /* ko */ = {isa = PBXFileReference; lastKnownFileType = text.plist.strings; name = ko; path = ko.lproj/Main.strings; sourceTree = "<group>"; };
		188A7E8E27B23C34000718E7 /* GoogleService-Info.plist */ = {isa = PBXFileReference; fileEncoding = 4; lastKnownFileType = text.plist.xml; path = "GoogleService-Info.plist"; sourceTree = "<group>"; };
		188A7EAA27B241BB000718E7 /* SuggestionsViewController.swift */ = {isa = PBXFileReference; lastKnownFileType = sourcecode.swift; path = SuggestionsViewController.swift; sourceTree = "<group>"; };
		1895D24C279E868200567BBF /* DetailContentsViewController.swift */ = {isa = PBXFileReference; lastKnownFileType = sourcecode.swift; path = DetailContentsViewController.swift; sourceTree = "<group>"; };
		18E980CD27BE384F00BFF5D3 /* NoticeDetailViewController.swift */ = {isa = PBXFileReference; lastKnownFileType = sourcecode.swift; path = NoticeDetailViewController.swift; sourceTree = "<group>"; };
		18F46EDA27E4580C006E8ACB /* TabImageWebViewController.swift */ = {isa = PBXFileReference; lastKnownFileType = sourcecode.swift; path = TabImageWebViewController.swift; sourceTree = "<group>"; };
		649049F50AE4B343149A5311 /* Pods_MBTI_CAT.framework */ = {isa = PBXFileReference; explicitFileType = wrapper.framework; includeInIndex = 0; path = Pods_MBTI_CAT.framework; sourceTree = BUILT_PRODUCTS_DIR; };
		B3AF9D5BF0952755AC3D0DC9 /* Pods-MBTI_CAT.release.xcconfig */ = {isa = PBXFileReference; includeInIndex = 1; lastKnownFileType = text.xcconfig; name = "Pods-MBTI_CAT.release.xcconfig"; path = "Target Support Files/Pods-MBTI_CAT/Pods-MBTI_CAT.release.xcconfig"; sourceTree = "<group>"; };
/* End PBXFileReference section */

/* Begin PBXFrameworksBuildPhase section */
		1841574A279003AE0095F8A9 /* Frameworks */ = {
			isa = PBXFrameworksBuildPhase;
			buildActionMask = 2147483647;
			files = (
				E5CD05C10CF99DA94EE5527B /* Pods_MBTI_CAT.framework in Frameworks */,
			);
			runOnlyForDeploymentPostprocessing = 0;
		};
/* End PBXFrameworksBuildPhase section */

/* Begin PBXGroup section */
		03634BBC749F563FD69A9B2D /* Pods */ = {
			isa = PBXGroup;
			children = (
				0E5DD73E2EE9DE69359BDAAE /* Pods-MBTI_CAT.debug.xcconfig */,
				B3AF9D5BF0952755AC3D0DC9 /* Pods-MBTI_CAT.release.xcconfig */,
			);
			path = Pods;
			sourceTree = "<group>";
		};
		18415744279003AE0095F8A9 = {
			isa = PBXGroup;
			children = (
				1841574F279003AE0095F8A9 /* MBTI_CAT */,
				1841574E279003AE0095F8A9 /* Products */,
				03634BBC749F563FD69A9B2D /* Pods */,
				2E50A7885C8228D6DFC989A8 /* Frameworks */,
			);
			sourceTree = "<group>";
		};
		1841574E279003AE0095F8A9 /* Products */ = {
			isa = PBXGroup;
			children = (
				1841574D279003AE0095F8A9 /* MBTI_CAT.app */,
			);
			name = Products;
			sourceTree = "<group>";
		};
		1841574F279003AE0095F8A9 /* MBTI_CAT */ = {
			isa = PBXGroup;
			children = (
				180DBDFF27EC3B2E00B29A48 /* MBTI_CAT.entitlements */,
				1852F1A727CF485D00CCCB9A /* Cafe24Syongsyong.ttf */,
				18415750279003AE0095F8A9 /* AppDelegate.swift */,
				18415752279003AE0095F8A9 /* SceneDelegate.swift */,
				1841575B279003AE0095F8A9 /* LaunchScreen.storyboard */,
				18415756279003AE0095F8A9 /* Main.storyboard */,
				1841576A27900C3A0095F8A9 /* TabbarViewController.swift */,
				18415754279003AE0095F8A9 /* MainViewController.swift */,
				1841576D279012A30095F8A9 /* SimpleTestViewController.swift */,
				184188BC27954C1E0049D3DD /* FirstTestViewController.swift */,
				1832663A2797E5BF00D4C350 /* TestResultViewController.swift */,
				18415770279012C50095F8A9 /* CharacteristicViewController.swift */,
				1895D24C279E868200567BBF /* DetailContentsViewController.swift */,
				18415773279012E20095F8A9 /* MyCharacViewController.swift */,
				182F9DE6280411640002D210 /* FiveCatCharViewController.swift */,
				1841883727B0F4B800DF7D1A /* DevInfoViewController.swift */,
				18F46EDA27E4580C006E8ACB /* TabImageWebViewController.swift */,
				188A7EAA27B241BB000718E7 /* SuggestionsViewController.swift */,
				1829E48927B4F3F500654B60 /* NoticeViewController.swift */,
				1854FFE827B6227C00CD33D8 /* ANoticeTableViewCell.swift */,
				18E980CD27BE384F00BFF5D3 /* NoticeDetailViewController.swift */,
				18415759279003AE0095F8A9 /* Assets.xcassets */,
				1841575E279003AE0095F8A9 /* Info.plist */,
				188A7E8E27B23C34000718E7 /* GoogleService-Info.plist */,
				1830AD4E279951C6004DEDD9 /* CatData.xlsx */,
			);
			path = MBTI_CAT;
			sourceTree = "<group>";
		};
		2E50A7885C8228D6DFC989A8 /* Frameworks */ = {
			isa = PBXGroup;
			children = (
				649049F50AE4B343149A5311 /* Pods_MBTI_CAT.framework */,
			);
			name = Frameworks;
			sourceTree = "<group>";
		};
/* End PBXGroup section */

/* Begin PBXNativeTarget section */
		1841574C279003AE0095F8A9 /* MBTI_CAT */ = {
			isa = PBXNativeTarget;
			buildConfigurationList = 18415761279003AE0095F8A9 /* Build configuration list for PBXNativeTarget "MBTI_CAT" */;
			buildPhases = (
				F3EE42D3608E4CFB2BDA2730 /* [CP] Check Pods Manifest.lock */,
				18415749279003AE0095F8A9 /* Sources */,
				1841574A279003AE0095F8A9 /* Frameworks */,
				1841574B279003AE0095F8A9 /* Resources */,
				9E254A83513CEE791A5BEA3C /* [CP] Embed Pods Frameworks */,
			);
			buildRules = (
			);
			dependencies = (
			);
			name = MBTI_CAT;
			productName = MBTI_CAT;
			productReference = 1841574D279003AE0095F8A9 /* MBTI_CAT.app */;
			productType = "com.apple.product-type.application";
		};
/* End PBXNativeTarget section */

/* Begin PBXProject section */
		18415745279003AE0095F8A9 /* Project object */ = {
			isa = PBXProject;
			attributes = {
				LastSwiftUpdateCheck = 1240;
				LastUpgradeCheck = 1240;
				TargetAttributes = {
					1841574C279003AE0095F8A9 = {
						CreatedOnToolsVersion = 12.4;
					};
				};
			};
			buildConfigurationList = 18415748279003AE0095F8A9 /* Build configuration list for PBXProject "MBTI_CAT" */;
			compatibilityVersion = "Xcode 9.3";
			developmentRegion = en;
			hasScannedForEncodings = 0;
			knownRegions = (
				en,
				Base,
				ko,
			);
			mainGroup = 18415744279003AE0095F8A9;
			productRefGroup = 1841574E279003AE0095F8A9 /* Products */;
			projectDirPath = "";
			projectRoot = "";
			targets = (
				1841574C279003AE0095F8A9 /* MBTI_CAT */,
			);
		};
/* End PBXProject section */

/* Begin PBXResourcesBuildPhase section */
		1841574B279003AE0095F8A9 /* Resources */ = {
			isa = PBXResourcesBuildPhase;
			buildActionMask = 2147483647;
			files = (
				1852F1A827CF485D00CCCB9A /* Cafe24Syongsyong.ttf in Resources */,
				188A7EA827B23F2B000718E7 /* GoogleService-Info.plist in Resources */,
				1841575D279003AE0095F8A9 /* LaunchScreen.storyboard in Resources */,
				1841575A279003AE0095F8A9 /* Assets.xcassets in Resources */,
				18415758279003AE0095F8A9 /* Main.storyboard in Resources */,
			);
			runOnlyForDeploymentPostprocessing = 0;
		};
/* End PBXResourcesBuildPhase section */

/* Begin PBXShellScriptBuildPhase section */
		9E254A83513CEE791A5BEA3C /* [CP] Embed Pods Frameworks */ = {
			isa = PBXShellScriptBuildPhase;
			buildActionMask = 2147483647;
			files = (
			);
			inputFileListPaths = (
				"${PODS_ROOT}/Target Support Files/Pods-MBTI_CAT/Pods-MBTI_CAT-frameworks-${CONFIGURATION}-input-files.xcfilelist",
			);
			name = "[CP] Embed Pods Frameworks";
			outputFileListPaths = (
				"${PODS_ROOT}/Target Support Files/Pods-MBTI_CAT/Pods-MBTI_CAT-frameworks-${CONFIGURATION}-output-files.xcfilelist",
			);
			runOnlyForDeploymentPostprocessing = 0;
			shellPath = /bin/sh;
			shellScript = "\"${PODS_ROOT}/Target Support Files/Pods-MBTI_CAT/Pods-MBTI_CAT-frameworks.sh\"\n";
			showEnvVarsInLog = 0;
		};
		F3EE42D3608E4CFB2BDA2730 /* [CP] Check Pods Manifest.lock */ = {
			isa = PBXShellScriptBuildPhase;
			buildActionMask = 2147483647;
			files = (
			);
			inputFileListPaths = (
			);
			inputPaths = (
				"${PODS_PODFILE_DIR_PATH}/Podfile.lock",
				"${PODS_ROOT}/Manifest.lock",
			);
			name = "[CP] Check Pods Manifest.lock";
			outputFileListPaths = (
			);
			outputPaths = (
				"$(DERIVED_FILE_DIR)/Pods-MBTI_CAT-checkManifestLockResult.txt",
			);
			runOnlyForDeploymentPostprocessing = 0;
			shellPath = /bin/sh;
			shellScript = "diff \"${PODS_PODFILE_DIR_PATH}/Podfile.lock\" \"${PODS_ROOT}/Manifest.lock\" > /dev/null\nif [ $? != 0 ] ; then\n    # print error to STDERR\n    echo \"error: The sandbox is not in sync with the Podfile.lock. Run 'pod install' or update your CocoaPods installation.\" >&2\n    exit 1\nfi\n# This output is used by Xcode 'outputs' to avoid re-running this script phase.\necho \"SUCCESS\" > \"${SCRIPT_OUTPUT_FILE_0}\"\n";
			showEnvVarsInLog = 0;
		};
/* End PBXShellScriptBuildPhase section */

/* Begin PBXSourcesBuildPhase section */
		18415749279003AE0095F8A9 /* Sources */ = {
			isa = PBXSourcesBuildPhase;
			buildActionMask = 2147483647;
			files = (
				1841576B27900C3A0095F8A9 /* TabbarViewController.swift in Sources */,
				18F46EDB27E4580C006E8ACB /* TabImageWebViewController.swift in Sources */,
				18415755279003AE0095F8A9 /* MainViewController.swift in Sources */,
				182F9DE7280411640002D210 /* FiveCatCharViewController.swift in Sources */,
				18415774279012E20095F8A9 /* MyCharacViewController.swift in Sources */,
				18415751279003AE0095F8A9 /* AppDelegate.swift in Sources */,
				188A7EAB27B241BB000718E7 /* SuggestionsViewController.swift in Sources */,
				18415753279003AE0095F8A9 /* SceneDelegate.swift in Sources */,
				1841576E279012A30095F8A9 /* SimpleTestViewController.swift in Sources */,
				1829E48A27B4F3F500654B60 /* NoticeViewController.swift in Sources */,
				1832663B2797E5BF00D4C350 /* TestResultViewController.swift in Sources */,
				18E980CE27BE384F00BFF5D3 /* NoticeDetailViewController.swift in Sources */,
				1854FFE927B6227C00CD33D8 /* ANoticeTableViewCell.swift in Sources */,
				1895D24D279E868200567BBF /* DetailContentsViewController.swift in Sources */,
				18415771279012C50095F8A9 /* CharacteristicViewController.swift in Sources */,
				184188BD27954C1E0049D3DD /* FirstTestViewController.swift in Sources */,
				1841883827B0F4B800DF7D1A /* DevInfoViewController.swift in Sources */,
			);
			runOnlyForDeploymentPostprocessing = 0;
		};
/* End PBXSourcesBuildPhase section */

/* Begin PBXVariantGroup section */
		18415756279003AE0095F8A9 /* Main.storyboard */ = {
			isa = PBXVariantGroup;
			children = (
				18415757279003AE0095F8A9 /* Base */,
				1865677827E5CE490086BB51 /* ko */,
			);
			name = Main.storyboard;
			sourceTree = "<group>";
		};
		1841575B279003AE0095F8A9 /* LaunchScreen.storyboard */ = {
			isa = PBXVariantGroup;
			children = (
				1841575C279003AE0095F8A9 /* Base */,
				1865677727E5CE490086BB51 /* ko */,
			);
			name = LaunchScreen.storyboard;
			sourceTree = "<group>";
		};
/* End PBXVariantGroup section */

/* Begin XCBuildConfiguration section */
		1841575F279003AE0095F8A9 /* Debug */ = {
			isa = XCBuildConfiguration;
			buildSettings = {
				ALWAYS_SEARCH_USER_PATHS = NO;
				CLANG_ANALYZER_LOCALIZABILITY_NONLOCALIZED = YES;
				CLANG_ANALYZER_NONNULL = YES;
				CLANG_ANALYZER_NUMBER_OBJECT_CONVERSION = YES_AGGRESSIVE;
				CLANG_CXX_LANGUAGE_STANDARD = "gnu++14";
				CLANG_CXX_LIBRARY = "libc++";
				CLANG_ENABLE_MODULES = YES;
				CLANG_ENABLE_OBJC_ARC = YES;
				CLANG_ENABLE_OBJC_WEAK = YES;
				CLANG_WARN_BLOCK_CAPTURE_AUTORELEASING = YES;
				CLANG_WARN_BOOL_CONVERSION = YES;
				CLANG_WARN_COMMA = YES;
				CLANG_WARN_CONSTANT_CONVERSION = YES;
				CLANG_WARN_DEPRECATED_OBJC_IMPLEMENTATIONS = YES;
				CLANG_WARN_DIRECT_OBJC_ISA_USAGE = YES_ERROR;
				CLANG_WARN_DOCUMENTATION_COMMENTS = YES;
				CLANG_WARN_EMPTY_BODY = YES;
				CLANG_WARN_ENUM_CONVERSION = YES;
				CLANG_WARN_INFINITE_RECURSION = YES;
				CLANG_WARN_INT_CONVERSION = YES;
				CLANG_WARN_NON_LITERAL_NULL_CONVERSION = YES;
				CLANG_WARN_OBJC_IMPLICIT_RETAIN_SELF = YES;
				CLANG_WARN_OBJC_LITERAL_CONVERSION = YES;
				CLANG_WARN_OBJC_ROOT_CLASS = YES_ERROR;
				CLANG_WARN_QUOTED_INCLUDE_IN_FRAMEWORK_HEADER = YES;
				CLANG_WARN_RANGE_LOOP_ANALYSIS = YES;
				CLANG_WARN_STRICT_PROTOTYPES = YES;
				CLANG_WARN_SUSPICIOUS_MOVE = YES;
				CLANG_WARN_UNGUARDED_AVAILABILITY = YES_AGGRESSIVE;
				CLANG_WARN_UNREACHABLE_CODE = YES;
				CLANG_WARN__DUPLICATE_METHOD_MATCH = YES;
				COPY_PHASE_STRIP = NO;
				DEBUG_INFORMATION_FORMAT = dwarf;
				ENABLE_STRICT_OBJC_MSGSEND = YES;
				ENABLE_TESTABILITY = YES;
				GCC_C_LANGUAGE_STANDARD = gnu11;
				GCC_DYNAMIC_NO_PIC = NO;
				GCC_NO_COMMON_BLOCKS = YES;
				GCC_OPTIMIZATION_LEVEL = 0;
				GCC_PREPROCESSOR_DEFINITIONS = (
					"DEBUG=1",
					"$(inherited)",
				);
				GCC_WARN_64_TO_32_BIT_CONVERSION = YES;
				GCC_WARN_ABOUT_RETURN_TYPE = YES_ERROR;
				GCC_WARN_UNDECLARED_SELECTOR = YES;
				GCC_WARN_UNINITIALIZED_AUTOS = YES_AGGRESSIVE;
				GCC_WARN_UNUSED_FUNCTION = YES;
				GCC_WARN_UNUSED_VARIABLE = YES;
				IPHONEOS_DEPLOYMENT_TARGET = 14.4;
				MTL_ENABLE_DEBUG_INFO = INCLUDE_SOURCE;
				MTL_FAST_MATH = YES;
				ONLY_ACTIVE_ARCH = YES;
				SDKROOT = iphoneos;
				SWIFT_ACTIVE_COMPILATION_CONDITIONS = DEBUG;
				SWIFT_OPTIMIZATION_LEVEL = "-Onone";
			};
			name = Debug;
		};
		18415760279003AE0095F8A9 /* Release */ = {
			isa = XCBuildConfiguration;
			buildSettings = {
				ALWAYS_SEARCH_USER_PATHS = NO;
				CLANG_ANALYZER_LOCALIZABILITY_NONLOCALIZED = YES;
				CLANG_ANALYZER_NONNULL = YES;
				CLANG_ANALYZER_NUMBER_OBJECT_CONVERSION = YES_AGGRESSIVE;
				CLANG_CXX_LANGUAGE_STANDARD = "gnu++14";
				CLANG_CXX_LIBRARY = "libc++";
				CLANG_ENABLE_MODULES = YES;
				CLANG_ENABLE_OBJC_ARC = YES;
				CLANG_ENABLE_OBJC_WEAK = YES;
				CLANG_WARN_BLOCK_CAPTURE_AUTORELEASING = YES;
				CLANG_WARN_BOOL_CONVERSION = YES;
				CLANG_WARN_COMMA = YES;
				CLANG_WARN_CONSTANT_CONVERSION = YES;
				CLANG_WARN_DEPRECATED_OBJC_IMPLEMENTATIONS = YES;
				CLANG_WARN_DIRECT_OBJC_ISA_USAGE = YES_ERROR;
				CLANG_WARN_DOCUMENTATION_COMMENTS = YES;
				CLANG_WARN_EMPTY_BODY = YES;
				CLANG_WARN_ENUM_CONVERSION = YES;
				CLANG_WARN_INFINITE_RECURSION = YES;
				CLANG_WARN_INT_CONVERSION = YES;
				CLANG_WARN_NON_LITERAL_NULL_CONVERSION = YES;
				CLANG_WARN_OBJC_IMPLICIT_RETAIN_SELF = YES;
				CLANG_WARN_OBJC_LITERAL_CONVERSION = YES;
				CLANG_WARN_OBJC_ROOT_CLASS = YES_ERROR;
				CLANG_WARN_QUOTED_INCLUDE_IN_FRAMEWORK_HEADER = YES;
				CLANG_WARN_RANGE_LOOP_ANALYSIS = YES;
				CLANG_WARN_STRICT_PROTOTYPES = YES;
				CLANG_WARN_SUSPICIOUS_MOVE = YES;
				CLANG_WARN_UNGUARDED_AVAILABILITY = YES_AGGRESSIVE;
				CLANG_WARN_UNREACHABLE_CODE = YES;
				CLANG_WARN__DUPLICATE_METHOD_MATCH = YES;
				COPY_PHASE_STRIP = NO;
				DEBUG_INFORMATION_FORMAT = "dwarf-with-dsym";
				ENABLE_NS_ASSERTIONS = NO;
				ENABLE_STRICT_OBJC_MSGSEND = YES;
				GCC_C_LANGUAGE_STANDARD = gnu11;
				GCC_NO_COMMON_BLOCKS = YES;
				GCC_WARN_64_TO_32_BIT_CONVERSION = YES;
				GCC_WARN_ABOUT_RETURN_TYPE = YES_ERROR;
				GCC_WARN_UNDECLARED_SELECTOR = YES;
				GCC_WARN_UNINITIALIZED_AUTOS = YES_AGGRESSIVE;
				GCC_WARN_UNUSED_FUNCTION = YES;
				GCC_WARN_UNUSED_VARIABLE = YES;
				IPHONEOS_DEPLOYMENT_TARGET = 14.4;
				MTL_ENABLE_DEBUG_INFO = NO;
				MTL_FAST_MATH = YES;
				SDKROOT = iphoneos;
				SWIFT_COMPILATION_MODE = wholemodule;
				SWIFT_OPTIMIZATION_LEVEL = "-O";
				VALIDATE_PRODUCT = YES;
			};
			name = Release;
		};
		18415762279003AE0095F8A9 /* Debug */ = {
			isa = XCBuildConfiguration;
			baseConfigurationReference = 0E5DD73E2EE9DE69359BDAAE /* Pods-MBTI_CAT.debug.xcconfig */;
			buildSettings = {
				ASSETCATALOG_COMPILER_APPICON_NAME = AppIcon;
				ASSETCATALOG_COMPILER_GLOBAL_ACCENT_COLOR_NAME = AccentColor;
				CODE_SIGN_ENTITLEMENTS = MBTI_CAT/MBTI_CAT.entitlements;
				CODE_SIGN_STYLE = Automatic;
				CURRENT_PROJECT_VERSION = 8;
				DEVELOPMENT_TEAM = M7KCA787CC;
				INFOPLIST_FILE = MBTI_CAT/Info.plist;
				IPHONEOS_DEPLOYMENT_TARGET = 13.0;
				LD_RUNPATH_SEARCH_PATHS = (
					"$(inherited)",
					"@executable_path/Frameworks",
				);
				MARKETING_VERSION = 1.0.8;
				PRODUCT_BUNDLE_IDENTIFIER = com.SongYG77.MeowLaboratory;
				PRODUCT_NAME = "$(TARGET_NAME)";
				SWIFT_VERSION = 4.2;
				TARGETED_DEVICE_FAMILY = 1;
			};
			name = Debug;
		};
		18415763279003AE0095F8A9 /* Release */ = {
			isa = XCBuildConfiguration;
			baseConfigurationReference = B3AF9D5BF0952755AC3D0DC9 /* Pods-MBTI_CAT.release.xcconfig */;
			buildSettings = {
				ASSETCATALOG_COMPILER_APPICON_NAME = AppIcon;
				ASSETCATALOG_COMPILER_GLOBAL_ACCENT_COLOR_NAME = AccentColor;
				CODE_SIGN_ENTITLEMENTS = MBTI_CAT/MBTI_CAT.entitlements;
				CODE_SIGN_STYLE = Automatic;
				CURRENT_PROJECT_VERSION = 8;
				DEVELOPMENT_TEAM = M7KCA787CC;
				INFOPLIST_FILE = MBTI_CAT/Info.plist;
				IPHONEOS_DEPLOYMENT_TARGET = 13.0;
				LD_RUNPATH_SEARCH_PATHS = (
					"$(inherited)",
					"@executable_path/Frameworks",
				);
				MARKETING_VERSION = 1.0.8;
				PRODUCT_BUNDLE_IDENTIFIER = com.SongYG77.MeowLaboratory;
				PRODUCT_NAME = "$(TARGET_NAME)";
				SWIFT_VERSION = 4.2;
				TARGETED_DEVICE_FAMILY = 1;
			};
			name = Release;
		};
/* End XCBuildConfiguration section */

/* Begin XCConfigurationList section */
		18415748279003AE0095F8A9 /* Build configuration list for PBXProject "MBTI_CAT" */ = {
			isa = XCConfigurationList;
			buildConfigurations = (
				1841575F279003AE0095F8A9 /* Debug */,
				18415760279003AE0095F8A9 /* Release */,
			);
			defaultConfigurationIsVisible = 0;
			defaultConfigurationName = Release;
		};
		18415761279003AE0095F8A9 /* Build configuration list for PBXNativeTarget "MBTI_CAT" */ = {
			isa = XCConfigurationList;
			buildConfigurations = (
				18415762279003AE0095F8A9 /* Debug */,
				18415763279003AE0095F8A9 /* Release */,
			);
			defaultConfigurationIsVisible = 0;
			defaultConfigurationName = Release;
		};
/* End XCConfigurationList section */
	};
	rootObject = 18415745279003AE0095F8A9 /* Project object */;
}
